// !$*UTF8*$!
{
	archiveVersion = 1;
	classes = {
	};
	objectVersion = 55;
	objects = {

/* Begin PBXBuildFile section */
		F89EC6E52838B5C8004B598A /* Tests_iOS.swift in Sources */ = {isa = PBXBuildFile; fileRef = F89EC6E42838B5C8004B598A /* Tests_iOS.swift */; };
		F89EC6E72838B5C8004B598A /* Tests_iOSLaunchTests.swift in Sources */ = {isa = PBXBuildFile; fileRef = F89EC6E62838B5C8004B598A /* Tests_iOSLaunchTests.swift */; };
		F89EC6F12838B5C8004B598A /* Tests_macOS.swift in Sources */ = {isa = PBXBuildFile; fileRef = F89EC6F02838B5C8004B598A /* Tests_macOS.swift */; };
		F89EC6F32838B5C8004B598A /* Tests_macOSLaunchTests.swift in Sources */ = {isa = PBXBuildFile; fileRef = F89EC6F22838B5C8004B598A /* Tests_macOSLaunchTests.swift */; };
		F89EC6F42838B5C8004B598A /* WeSplit_Paul_Hudosn_App.swift in Sources */ = {isa = PBXBuildFile; fileRef = F89EC6CC2838B5C6004B598A /* WeSplit_Paul_Hudosn_App.swift */; };
		F89EC6F52838B5C8004B598A /* WeSplit_Paul_Hudosn_App.swift in Sources */ = {isa = PBXBuildFile; fileRef = F89EC6CC2838B5C6004B598A /* WeSplit_Paul_Hudosn_App.swift */; };
		F89EC6F62838B5C8004B598A /* ContentView.swift in Sources */ = {isa = PBXBuildFile; fileRef = F89EC6CD2838B5C6004B598A /* ContentView.swift */; };
		F89EC6F72838B5C8004B598A /* ContentView.swift in Sources */ = {isa = PBXBuildFile; fileRef = F89EC6CD2838B5C6004B598A /* ContentView.swift */; };
		F89EC6F82838B5C8004B598A /* Assets.xcassets in Resources */ = {isa = PBXBuildFile; fileRef = F89EC6CE2838B5C8004B598A /* Assets.xcassets */; };
		F89EC6F92838B5C8004B598A /* Assets.xcassets in Resources */ = {isa = PBXBuildFile; fileRef = F89EC6CE2838B5C8004B598A /* Assets.xcassets */; };
/* End PBXBuildFile section */

/* Begin PBXContainerItemProxy section */
		F89EC6E12838B5C8004B598A /* PBXContainerItemProxy */ = {
			isa = PBXContainerItemProxy;
			containerPortal = F89EC6C72838B5C5004B598A /* Project object */;
			proxyType = 1;
			remoteGlobalIDString = F89EC6D22838B5C8004B598A;
			remoteInfo = "WeSplit(Paul_Hudosn) (iOS)";
		};
		F89EC6ED2838B5C8004B598A /* PBXContainerItemProxy */ = {
			isa = PBXContainerItemProxy;
			containerPortal = F89EC6C72838B5C5004B598A /* Project object */;
			proxyType = 1;
			remoteGlobalIDString = F89EC6D82838B5C8004B598A;
			remoteInfo = "WeSplit(Paul_Hudosn) (macOS)";
		};
/* End PBXContainerItemProxy section */

/* Begin PBXFileReference section */
		F89EC6CC2838B5C6004B598A /* WeSplit_Paul_Hudosn_App.swift */ = {isa = PBXFileReference; lastKnownFileType = sourcecode.swift; path = WeSplit_Paul_Hudosn_App.swift; sourceTree = "<group>"; };
		F89EC6CD2838B5C6004B598A /* ContentView.swift */ = {isa = PBXFileReference; lastKnownFileType = sourcecode.swift; path = ContentView.swift; sourceTree = "<group>"; };
		F89EC6CE2838B5C8004B598A /* Assets.xcassets */ = {isa = PBXFileReference; lastKnownFileType = folder.assetcatalog; path = Assets.xcassets; sourceTree = "<group>"; };
		F89EC6D32838B5C8004B598A /* WeSplit(Paul_Hudosn).app */ = {isa = PBXFileReference; explicitFileType = wrapper.application; includeInIndex = 0; path = "WeSplit(Paul_Hudosn).app"; sourceTree = BUILT_PRODUCTS_DIR; };
		F89EC6D92838B5C8004B598A /* WeSplit(Paul_Hudosn).app */ = {isa = PBXFileReference; explicitFileType = wrapper.application; includeInIndex = 0; path = "WeSplit(Paul_Hudosn).app"; sourceTree = BUILT_PRODUCTS_DIR; };
		F89EC6DB2838B5C8004B598A /* macOS.entitlements */ = {isa = PBXFileReference; lastKnownFileType = text.plist.entitlements; path = macOS.entitlements; sourceTree = "<group>"; };
		F89EC6E02838B5C8004B598A /* Tests iOS.xctest */ = {isa = PBXFileReference; explicitFileType = wrapper.cfbundle; includeInIndex = 0; path = "Tests iOS.xctest"; sourceTree = BUILT_PRODUCTS_DIR; };
		F89EC6E42838B5C8004B598A /* Tests_iOS.swift */ = {isa = PBXFileReference; lastKnownFileType = sourcecode.swift; path = Tests_iOS.swift; sourceTree = "<group>"; };
		F89EC6E62838B5C8004B598A /* Tests_iOSLaunchTests.swift */ = {isa = PBXFileReference; lastKnownFileType = sourcecode.swift; path = Tests_iOSLaunchTests.swift; sourceTree = "<group>"; };
		F89EC6EC2838B5C8004B598A /* Tests macOS.xctest */ = {isa = PBXFileReference; explicitFileType = wrapper.cfbundle; includeInIndex = 0; path = "Tests macOS.xctest"; sourceTree = BUILT_PRODUCTS_DIR; };
		F89EC6F02838B5C8004B598A /* Tests_macOS.swift */ = {isa = PBXFileReference; lastKnownFileType = sourcecode.swift; path = Tests_macOS.swift; sourceTree = "<group>"; };
		F89EC6F22838B5C8004B598A /* Tests_macOSLaunchTests.swift */ = {isa = PBXFileReference; lastKnownFileType = sourcecode.swift; path = Tests_macOSLaunchTests.swift; sourceTree = "<group>"; };
/* End PBXFileReference section */

/* Begin PBXFrameworksBuildPhase section */
		F89EC6D02838B5C8004B598A /* Frameworks */ = {
			isa = PBXFrameworksBuildPhase;
			buildActionMask = 2147483647;
			files = (
			);
			runOnlyForDeploymentPostprocessing = 0;
		};
		F89EC6D62838B5C8004B598A /* Frameworks */ = {
			isa = PBXFrameworksBuildPhase;
			buildActionMask = 2147483647;
			files = (
			);
			runOnlyForDeploymentPostprocessing = 0;
		};
		F89EC6DD2838B5C8004B598A /* Frameworks */ = {
			isa = PBXFrameworksBuildPhase;
			buildActionMask = 2147483647;
			files = (
			);
			runOnlyForDeploymentPostprocessing = 0;
		};
		F89EC6E92838B5C8004B598A /* Frameworks */ = {
			isa = PBXFrameworksBuildPhase;
			buildActionMask = 2147483647;
			files = (
			);
			runOnlyForDeploymentPostprocessing = 0;
		};
/* End PBXFrameworksBuildPhase section */

/* Begin PBXGroup section */
		F89EC6C62838B5C5004B598A = {
			isa = PBXGroup;
			children = (
				F89EC6CB2838B5C6004B598A /* Shared */,
				F89EC6DA2838B5C8004B598A /* macOS */,
				F89EC6E32838B5C8004B598A /* Tests iOS */,
				F89EC6EF2838B5C8004B598A /* Tests macOS */,
				F89EC6D42838B5C8004B598A /* Products */,
			);
			sourceTree = "<group>";
		};
		F89EC6CB2838B5C6004B598A /* Shared */ = {
			isa = PBXGroup;
			children = (
				F89EC6CC2838B5C6004B598A /* WeSplit_Paul_Hudosn_App.swift */,
				F89EC6CD2838B5C6004B598A /* ContentView.swift */,
				F89EC6CE2838B5C8004B598A /* Assets.xcassets */,
			);
			path = Shared;
			sourceTree = "<group>";
		};
		F89EC6D42838B5C8004B598A /* Products */ = {
			isa = PBXGroup;
			children = (
				F89EC6D32838B5C8004B598A /* WeSplit(Paul_Hudosn).app */,
				F89EC6D92838B5C8004B598A /* WeSplit(Paul_Hudosn).app */,
				F89EC6E02838B5C8004B598A /* Tests iOS.xctest */,
				F89EC6EC2838B5C8004B598A /* Tests macOS.xctest */,
			);
			name = Products;
			sourceTree = "<group>";
		};
		F89EC6DA2838B5C8004B598A /* macOS */ = {
			isa = PBXGroup;
			children = (
				F89EC6DB2838B5C8004B598A /* macOS.entitlements */,
			);
			path = macOS;
			sourceTree = "<group>";
		};
		F89EC6E32838B5C8004B598A /* Tests iOS */ = {
			isa = PBXGroup;
			children = (
				F89EC6E42838B5C8004B598A /* Tests_iOS.swift */,
				F89EC6E62838B5C8004B598A /* Tests_iOSLaunchTests.swift */,
			);
			path = "Tests iOS";
			sourceTree = "<group>";
		};
		F89EC6EF2838B5C8004B598A /* Tests macOS */ = {
			isa = PBXGroup;
			children = (
				F89EC6F02838B5C8004B598A /* Tests_macOS.swift */,
				F89EC6F22838B5C8004B598A /* Tests_macOSLaunchTests.swift */,
			);
			path = "Tests macOS";
			sourceTree = "<group>";
		};
/* End PBXGroup section */

/* Begin PBXNativeTarget section */
		F89EC6D22838B5C8004B598A /* WeSplit(Paul_Hudosn) (iOS) */ = {
			isa = PBXNativeTarget;
			buildConfigurationList = F89EC6FC2838B5C8004B598A /* Build configuration list for PBXNativeTarget "WeSplit(Paul_Hudosn) (iOS)" */;
			buildPhases = (
				F89EC6CF2838B5C8004B598A /* Sources */,
				F89EC6D02838B5C8004B598A /* Frameworks */,
				F89EC6D12838B5C8004B598A /* Resources */,
			);
			buildRules = (
			);
			dependencies = (
			);
			name = "WeSplit(Paul_Hudosn) (iOS)";
			productName = "WeSplit(Paul_Hudosn) (iOS)";
			productReference = F89EC6D32838B5C8004B598A /* WeSplit(Paul_Hudosn).app */;
			productType = "com.apple.product-type.application";
		};
		F89EC6D82838B5C8004B598A /* WeSplit(Paul_Hudosn) (macOS) */ = {
			isa = PBXNativeTarget;
			buildConfigurationList = F89EC6FF2838B5C8004B598A /* Build configuration list for PBXNativeTarget "WeSplit(Paul_Hudosn) (macOS)" */;
			buildPhases = (
				F89EC6D52838B5C8004B598A /* Sources */,
				F89EC6D62838B5C8004B598A /* Frameworks */,
				F89EC6D72838B5C8004B598A /* Resources */,
			);
			buildRules = (
			);
			dependencies = (
			);
			name = "WeSplit(Paul_Hudosn) (macOS)";
			productName = "WeSplit(Paul_Hudosn) (macOS)";
			productReference = F89EC6D92838B5C8004B598A /* WeSplit(Paul_Hudosn).app */;
			productType = "com.apple.product-type.application";
		};
		F89EC6DF2838B5C8004B598A /* Tests iOS */ = {
			isa = PBXNativeTarget;
			buildConfigurationList = F89EC7022838B5C8004B598A /* Build configuration list for PBXNativeTarget "Tests iOS" */;
			buildPhases = (
				F89EC6DC2838B5C8004B598A /* Sources */,
				F89EC6DD2838B5C8004B598A /* Frameworks */,
				F89EC6DE2838B5C8004B598A /* Resources */,
			);
			buildRules = (
			);
			dependencies = (
				F89EC6E22838B5C8004B598A /* PBXTargetDependency */,
			);
			name = "Tests iOS";
			productName = "Tests iOS";
			productReference = F89EC6E02838B5C8004B598A /* Tests iOS.xctest */;
			productType = "com.apple.product-type.bundle.ui-testing";
		};
		F89EC6EB2838B5C8004B598A /* Tests macOS */ = {
			isa = PBXNativeTarget;
			buildConfigurationList = F89EC7052838B5C8004B598A /* Build configuration list for PBXNativeTarget "Tests macOS" */;
			buildPhases = (
				F89EC6E82838B5C8004B598A /* Sources */,
				F89EC6E92838B5C8004B598A /* Frameworks */,
				F89EC6EA2838B5C8004B598A /* Resources */,
			);
			buildRules = (
			);
			dependencies = (
				F89EC6EE2838B5C8004B598A /* PBXTargetDependency */,
			);
			name = "Tests macOS";
			productName = "Tests macOS";
			productReference = F89EC6EC2838B5C8004B598A /* Tests macOS.xctest */;
			productType = "com.apple.product-type.bundle.ui-testing";
		};
/* End PBXNativeTarget section */

/* Begin PBXProject section */
		F89EC6C72838B5C5004B598A /* Project object */ = {
			isa = PBXProject;
			attributes = {
				BuildIndependentTargetsInParallel = 1;
				LastSwiftUpdateCheck = 1330;
				LastUpgradeCheck = 1330;
				TargetAttributes = {
					F89EC6D22838B5C8004B598A = {
						CreatedOnToolsVersion = 13.3.1;
					};
					F89EC6D82838B5C8004B598A = {
						CreatedOnToolsVersion = 13.3.1;
					};
					F89EC6DF2838B5C8004B598A = {
						CreatedOnToolsVersion = 13.3.1;
						TestTargetID = F89EC6D22838B5C8004B598A;
					};
					F89EC6EB2838B5C8004B598A = {
						CreatedOnToolsVersion = 13.3.1;
						TestTargetID = F89EC6D82838B5C8004B598A;
					};
				};
			};
			buildConfigurationList = F89EC6CA2838B5C5004B598A /* Build configuration list for PBXProject "WeSplit(Paul_Hudosn)" */;
			compatibilityVersion = "Xcode 13.0";
			developmentRegion = en;
			hasScannedForEncodings = 0;
			knownRegions = (
				en,
				Base,
			);
			mainGroup = F89EC6C62838B5C5004B598A;
			productRefGroup = F89EC6D42838B5C8004B598A /* Products */;
			projectDirPath = "";
			projectRoot = "";
			targets = (
				F89EC6D22838B5C8004B598A /* WeSplit(Paul_Hudosn) (iOS) */,
				F89EC6D82838B5C8004B598A /* WeSplit(Paul_Hudosn) (macOS) */,
				F89EC6DF2838B5C8004B598A /* Tests iOS */,
				F89EC6EB2838B5C8004B598A /* Tests macOS */,
			);
		};
/* End PBXProject section */

/* Begin PBXResourcesBuildPhase section */
		F89EC6D12838B5C8004B598A /* Resources */ = {
			isa = PBXResourcesBuildPhase;
			buildActionMask = 2147483647;
			files = (
				F89EC6F82838B5C8004B598A /* Assets.xcassets in Resources */,
			);
			runOnlyForDeploymentPostprocessing = 0;
		};
		F89EC6D72838B5C8004B598A /* Resources */ = {
			isa = PBXResourcesBuildPhase;
			buildActionMask = 2147483647;
			files = (
				F89EC6F92838B5C8004B598A /* Assets.xcassets in Resources */,
			);
			runOnlyForDeploymentPostprocessing = 0;
		};
		F89EC6DE2838B5C8004B598A /* Resources */ = {
			isa = PBXResourcesBuildPhase;
			buildActionMask = 2147483647;
			files = (
			);
			runOnlyForDeploymentPostprocessing = 0;
		};
		F89EC6EA2838B5C8004B598A /* Resources */ = {
			isa = PBXResourcesBuildPhase;
			buildActionMask = 2147483647;
			files = (
			);
			runOnlyForDeploymentPostprocessing = 0;
		};
/* End PBXResourcesBuildPhase section */

/* Begin PBXSourcesBuildPhase section */
		F89EC6CF2838B5C8004B598A /* Sources */ = {
			isa = PBXSourcesBuildPhase;
			buildActionMask = 2147483647;
			files = (
				F89EC6F62838B5C8004B598A /* ContentView.swift in Sources */,
				F89EC6F42838B5C8004B598A /* WeSplit_Paul_Hudosn_App.swift in Sources */,
			);
			runOnlyForDeploymentPostprocessing = 0;
		};
		F89EC6D52838B5C8004B598A /* Sources */ = {
			isa = PBXSourcesBuildPhase;
			buildActionMask = 2147483647;
			files = (
				F89EC6F72838B5C8004B598A /* ContentView.swift in Sources */,
				F89EC6F52838B5C8004B598A /* WeSplit_Paul_Hudosn_App.swift in Sources */,
			);
			runOnlyForDeploymentPostprocessing = 0;
		};
		F89EC6DC2838B5C8004B598A /* Sources */ = {
			isa = PBXSourcesBuildPhase;
			buildActionMask = 2147483647;
			files = (
				F89EC6E72838B5C8004B598A /* Tests_iOSLaunchTests.swift in Sources */,
				F89EC6E52838B5C8004B598A /* Tests_iOS.swift in Sources */,
			);
			runOnlyForDeploymentPostprocessing = 0;
		};
		F89EC6E82838B5C8004B598A /* Sources */ = {
			isa = PBXSourcesBuildPhase;
			buildActionMask = 2147483647;
			files = (
				F89EC6F32838B5C8004B598A /* Tests_macOSLaunchTests.swift in Sources */,
				F89EC6F12838B5C8004B598A /* Tests_macOS.swift in Sources */,
			);
			runOnlyForDeploymentPostprocessing = 0;
		};
/* End PBXSourcesBuildPhase section */

/* Begin PBXTargetDependency section */
		F89EC6E22838B5C8004B598A /* PBXTargetDependency */ = {
			isa = PBXTargetDependency;
			target = F89EC6D22838B5C8004B598A /* WeSplit(Paul_Hudosn) (iOS) */;
			targetProxy = F89EC6E12838B5C8004B598A /* PBXContainerItemProxy */;
		};
		F89EC6EE2838B5C8004B598A /* PBXTargetDependency */ = {
			isa = PBXTargetDependency;
			target = F89EC6D82838B5C8004B598A /* WeSplit(Paul_Hudosn) (macOS) */;
			targetProxy = F89EC6ED2838B5C8004B598A /* PBXContainerItemProxy */;
		};
/* End PBXTargetDependency section */

/* Begin XCBuildConfiguration section */
		F89EC6FA2838B5C8004B598A /* Debug */ = {
			isa = XCBuildConfiguration;
			buildSettings = {
				ALWAYS_SEARCH_USER_PATHS = NO;
				CLANG_ANALYZER_NONNULL = YES;
				CLANG_ANALYZER_NUMBER_OBJECT_CONVERSION = YES_AGGRESSIVE;
				CLANG_CXX_LANGUAGE_STANDARD = "gnu++17";
				CLANG_ENABLE_MODULES = YES;
				CLANG_ENABLE_OBJC_ARC = YES;
				CLANG_ENABLE_OBJC_WEAK = YES;
				CLANG_WARN_BLOCK_CAPTURE_AUTORELEASING = YES;
				CLANG_WARN_BOOL_CONVERSION = YES;
				CLANG_WARN_COMMA = YES;
				CLANG_WARN_CONSTANT_CONVERSION = YES;
				CLANG_WARN_DEPRECATED_OBJC_IMPLEMENTATIONS = YES;
				CLANG_WARN_DIRECT_OBJC_ISA_USAGE = YES_ERROR;
				CLANG_WARN_DOCUMENTATION_COMMENTS = YES;
				CLANG_WARN_EMPTY_BODY = YES;
				CLANG_WARN_ENUM_CONVERSION = YES;
				CLANG_WARN_INFINITE_RECURSION = YES;
				CLANG_WARN_INT_CONVERSION = YES;
				CLANG_WARN_NON_LITERAL_NULL_CONVERSION = YES;
				CLANG_WARN_OBJC_IMPLICIT_RETAIN_SELF = YES;
				CLANG_WARN_OBJC_LITERAL_CONVERSION = YES;
				CLANG_WARN_OBJC_ROOT_CLASS = YES_ERROR;
				CLANG_WARN_QUOTED_INCLUDE_IN_FRAMEWORK_HEADER = YES;
				CLANG_WARN_RANGE_LOOP_ANALYSIS = YES;
				CLANG_WARN_STRICT_PROTOTYPES = YES;
				CLANG_WARN_SUSPICIOUS_MOVE = YES;
				CLANG_WARN_UNGUARDED_AVAILABILITY = YES_AGGRESSIVE;
				CLANG_WARN_UNREACHABLE_CODE = YES;
				CLANG_WARN__DUPLICATE_METHOD_MATCH = YES;
				COPY_PHASE_STRIP = NO;
				DEBUG_INFORMATION_FORMAT = dwarf;
				ENABLE_STRICT_OBJC_MSGSEND = YES;
				ENABLE_TESTABILITY = YES;
				GCC_C_LANGUAGE_STANDARD = gnu11;
				GCC_DYNAMIC_NO_PIC = NO;
				GCC_NO_COMMON_BLOCKS = YES;
				GCC_OPTIMIZATION_LEVEL = 0;
				GCC_PREPROCESSOR_DEFINITIONS = (
					"DEBUG=1",
					"$(inherited)",
				);
				GCC_WARN_64_TO_32_BIT_CONVERSION = YES;
				GCC_WARN_ABOUT_RETURN_TYPE = YES_ERROR;
				GCC_WARN_UNDECLARED_SELECTOR = YES;
				GCC_WARN_UNINITIALIZED_AUTOS = YES_AGGRESSIVE;
				GCC_WARN_UNUSED_FUNCTION = YES;
				GCC_WARN_UNUSED_VARIABLE = YES;
				MTL_ENABLE_DEBUG_INFO = INCLUDE_SOURCE;
				MTL_FAST_MATH = YES;
				ONLY_ACTIVE_ARCH = YES;
				SWIFT_ACTIVE_COMPILATION_CONDITIONS = DEBUG;
				SWIFT_OPTIMIZATION_LEVEL = "-Onone";
			};
			name = Debug;
		};
		F89EC6FB2838B5C8004B598A /* Release */ = {
			isa = XCBuildConfiguration;
			buildSettings = {
				ALWAYS_SEARCH_USER_PATHS = NO;
				CLANG_ANALYZER_NONNULL = YES;
				CLANG_ANALYZER_NUMBER_OBJECT_CONVERSION = YES_AGGRESSIVE;
				CLANG_CXX_LANGUAGE_STANDARD = "gnu++17";
				CLANG_ENABLE_MODULES = YES;
				CLANG_ENABLE_OBJC_ARC = YES;
				CLANG_ENABLE_OBJC_WEAK = YES;
				CLANG_WARN_BLOCK_CAPTURE_AUTORELEASING = YES;
				CLANG_WARN_BOOL_CONVERSION = YES;
				CLANG_WARN_COMMA = YES;
				CLANG_WARN_CONSTANT_CONVERSION = YES;
				CLANG_WARN_DEPRECATED_OBJC_IMPLEMENTATIONS = YES;
				CLANG_WARN_DIRECT_OBJC_ISA_USAGE = YES_ERROR;
				CLANG_WARN_DOCUMENTATION_COMMENTS = YES;
				CLANG_WARN_EMPTY_BODY = YES;
				CLANG_WARN_ENUM_CONVERSION = YES;
				CLANG_WARN_INFINITE_RECURSION = YES;
				CLANG_WARN_INT_CONVERSION = YES;
				CLANG_WARN_NON_LITERAL_NULL_CONVERSION = YES;
				CLANG_WARN_OBJC_IMPLICIT_RETAIN_SELF = YES;
				CLANG_WARN_OBJC_LITERAL_CONVERSION = YES;
				CLANG_WARN_OBJC_ROOT_CLASS = YES_ERROR;
				CLANG_WARN_QUOTED_INCLUDE_IN_FRAMEWORK_HEADER = YES;
				CLANG_WARN_RANGE_LOOP_ANALYSIS = YES;
				CLANG_WARN_STRICT_PROTOTYPES = YES;
				CLANG_WARN_SUSPICIOUS_MOVE = YES;
				CLANG_WARN_UNGUARDED_AVAILABILITY = YES_AGGRESSIVE;
				CLANG_WARN_UNREACHABLE_CODE = YES;
				CLANG_WARN__DUPLICATE_METHOD_MATCH = YES;
				COPY_PHASE_STRIP = NO;
				DEBUG_INFORMATION_FORMAT = "dwarf-with-dsym";
				ENABLE_NS_ASSERTIONS = NO;
				ENABLE_STRICT_OBJC_MSGSEND = YES;
				GCC_C_LANGUAGE_STANDARD = gnu11;
				GCC_NO_COMMON_BLOCKS = YES;
				GCC_WARN_64_TO_32_BIT_CONVERSION = YES;
				GCC_WARN_ABOUT_RETURN_TYPE = YES_ERROR;
				GCC_WARN_UNDECLARED_SELECTOR = YES;
				GCC_WARN_UNINITIALIZED_AUTOS = YES_AGGRESSIVE;
				GCC_WARN_UNUSED_FUNCTION = YES;
				GCC_WARN_UNUSED_VARIABLE = YES;
				MTL_ENABLE_DEBUG_INFO = NO;
				MTL_FAST_MATH = YES;
				SWIFT_COMPILATION_MODE = wholemodule;
				SWIFT_OPTIMIZATION_LEVEL = "-O";
			};
			name = Release;
		};
		F89EC6FD2838B5C8004B598A /* Debug */ = {
			isa = XCBuildConfiguration;
			buildSettings = {
				ASSETCATALOG_COMPILER_APPICON_NAME = AppIcon;
				ASSETCATALOG_COMPILER_GLOBAL_ACCENT_COLOR_NAME = AccentColor;
				CODE_SIGN_STYLE = Automatic;
				CURRENT_PROJECT_VERSION = 1;
				DEVELOPMENT_TEAM = C48T274BQ3;
				ENABLE_PREVIEWS = YES;
				GENERATE_INFOPLIST_FILE = YES;
				INFOPLIST_KEY_UIApplicationSceneManifest_Generation = YES;
				INFOPLIST_KEY_UIApplicationSupportsIndirectInputEvents = YES;
				INFOPLIST_KEY_UILaunchScreen_Generation = YES;
				INFOPLIST_KEY_UISupportedInterfaceOrientations_iPad = "UIInterfaceOrientationPortrait UIInterfaceOrientationPortraitUpsideDown UIInterfaceOrientationLandscapeLeft UIInterfaceOrientationLandscapeRight";
				INFOPLIST_KEY_UISupportedInterfaceOrientations_iPhone = "UIInterfaceOrientationPortrait UIInterfaceOrientationLandscapeLeft UIInterfaceOrientationLandscapeRight";
				IPHONEOS_DEPLOYMENT_TARGET = 15.4;
				LD_RUNPATH_SEARCH_PATHS = (
					"$(inherited)",
					"@executable_path/Frameworks",
				);
				MARKETING_VERSION = 1.0;
				PRODUCT_BUNDLE_IDENTIFIER = "cup.WeSplit-Paul-Hudosn-";
				PRODUCT_NAME = "WeSplit(Paul_Hudosn)";
				SDKROOT = iphoneos;
				SWIFT_EMIT_LOC_STRINGS = YES;
				SWIFT_VERSION = 5.0;
				TARGETED_DEVICE_FAMILY = "1,2";
			};
			name = Debug;
		};
		F89EC6FE2838B5C8004B598A /* Release */ = {
			isa = XCBuildConfiguration;
			buildSettings = {
				ASSETCATALOG_COMPILER_APPICON_NAME = AppIcon;
				ASSETCATALOG_COMPILER_GLOBAL_ACCENT_COLOR_NAME = AccentColor;
				CODE_SIGN_STYLE = Automatic;
				CURRENT_PROJECT_VERSION = 1;
				DEVELOPMENT_TEAM = C48T274BQ3;
				ENABLE_PREVIEWS = YES;
				GENERATE_INFOPLIST_FILE = YES;
				INFOPLIST_KEY_UIApplicationSceneManifest_Generation = YES;
				INFOPLIST_KEY_UIApplicationSupportsIndirectInputEvents = YES;
				INFOPLIST_KEY_UILaunchScreen_Generation = YES;
				INFOPLIST_KEY_UISupportedInterfaceOrientations_iPad = "UIInterfaceOrientationPortrait UIInterfaceOrientationPortraitUpsideDown UIInterfaceOrientationLandscapeLeft UIInterfaceOrientationLandscapeRight";
				INFOPLIST_KEY_UISupportedInterfaceOrientations_iPhone = "UIInterfaceOrientationPortrait UIInterfaceOrientationLandscapeLeft UIInterfaceOrientationLandscapeRight";
				IPHONEOS_DEPLOYMENT_TARGET = 15.4;
				LD_RUNPATH_SEARCH_PATHS = (
					"$(inherited)",
					"@executable_path/Frameworks",
				);
				MARKETING_VERSION = 1.0;
				PRODUCT_BUNDLE_IDENTIFIER = "cup.WeSplit-Paul-Hudosn-";
				PRODUCT_NAME = "WeSplit(Paul_Hudosn)";
				SDKROOT = iphoneos;
				SWIFT_EMIT_LOC_STRINGS = YES;
				SWIFT_VERSION = 5.0;
				TARGETED_DEVICE_FAMILY = "1,2";
				VALIDATE_PRODUCT = YES;
			};
			name = Release;
		};
		F89EC7002838B5C8004B598A /* Debug */ = {
			isa = XCBuildConfiguration;
			buildSettings = {
				ASSETCATALOG_COMPILER_APPICON_NAME = AppIcon;
				ASSETCATALOG_COMPILER_GLOBAL_ACCENT_COLOR_NAME = AccentColor;
				CODE_SIGN_ENTITLEMENTS = macOS/macOS.entitlements;
				CODE_SIGN_STYLE = Automatic;
				COMBINE_HIDPI_IMAGES = YES;
				CURRENT_PROJECT_VERSION = 1;
				DEVELOPMENT_TEAM = C48T274BQ3;
				ENABLE_HARDENED_RUNTIME = YES;
				ENABLE_PREVIEWS = YES;
				GENERATE_INFOPLIST_FILE = YES;
				INFOPLIST_KEY_NSHumanReadableCopyright = "";
				LD_RUNPATH_SEARCH_PATHS = (
					"$(inherited)",
					"@executable_path/../Frameworks",
				);
				MACOSX_DEPLOYMENT_TARGET = 12.0;
				MARKETING_VERSION = 1.0;
				PRODUCT_BUNDLE_IDENTIFIER = "cup.WeSplit-Paul-Hudosn-";
				PRODUCT_NAME = "WeSplit(Paul_Hudosn)";
				SDKROOT = macosx;
				SWIFT_EMIT_LOC_STRINGS = YES;
				SWIFT_VERSION = 5.0;
			};
			name = Debug;
		};
		F89EC7012838B5C8004B598A /* Release */ = {
			isa = XCBuildConfiguration;
			buildSettings = {
				ASSETCATALOG_COMPILER_APPICON_NAME = AppIcon;
				ASSETCATALOG_COMPILER_GLOBAL_ACCENT_COLOR_NAME = AccentColor;
				CODE_SIGN_ENTITLEMENTS = macOS/macOS.entitlements;
				CODE_SIGN_STYLE = Automatic;
				COMBINE_HIDPI_IMAGES = YES;
				CURRENT_PROJECT_VERSION = 1;
				DEVELOPMENT_TEAM = C48T274BQ3;
				ENABLE_HARDENED_RUNTIME = YES;
				ENABLE_PREVIEWS = YES;
				GENERATE_INFOPLIST_FILE = YES;
				INFOPLIST_KEY_NSHumanReadableCopyright = "";
				LD_RUNPATH_SEARCH_PATHS = (
					"$(inherited)",
					"@executable_path/../Frameworks",
				);
				MACOSX_DEPLOYMENT_TARGET = 12.0;
				MARKETING_VERSION = 1.0;
				PRODUCT_BUNDLE_IDENTIFIER = "cup.WeSplit-Paul-Hudosn-";
				PRODUCT_NAME = "WeSplit(Paul_Hudosn)";
				SDKROOT = macosx;
				SWIFT_EMIT_LOC_STRINGS = YES;
				SWIFT_VERSION = 5.0;
			};
			name = Release;
		};
		F89EC7032838B5C8004B598A /* Debug */ = {
			isa = XCBuildConfiguration;
			buildSettings = {
				ALWAYS_EMBED_SWIFT_STANDARD_LIBRARIES = YES;
				CODE_SIGN_STYLE = Automatic;
				CURRENT_PROJECT_VERSION = 1;
				DEVELOPMENT_TEAM = C48T274BQ3;
				GENERATE_INFOPLIST_FILE = YES;
				IPHONEOS_DEPLOYMENT_TARGET = 15.4;
				MARKETING_VERSION = 1.0;
				PRODUCT_BUNDLE_IDENTIFIER = "cup.Tests-iOS";
				PRODUCT_NAME = "$(TARGET_NAME)";
				SDKROOT = iphoneos;
				SWIFT_EMIT_LOC_STRINGS = NO;
				SWIFT_VERSION = 5.0;
				TARGETED_DEVICE_FAMILY = "1,2";
				TEST_TARGET_NAME = "WeSplit(Paul_Hudosn) (iOS)";
			};
			name = Debug;
		};
		F89EC7042838B5C8004B598A /* Release */ = {
			isa = XCBuildConfiguration;
			buildSettings = {
				ALWAYS_EMBED_SWIFT_STANDARD_LIBRARIES = YES;
				CODE_SIGN_STYLE = Automatic;
				CURRENT_PROJECT_VERSION = 1;
				DEVELOPMENT_TEAM = C48T274BQ3;
				GENERATE_INFOPLIST_FILE = YES;
				IPHONEOS_DEPLOYMENT_TARGET = 15.4;
				MARKETING_VERSION = 1.0;
				PRODUCT_BUNDLE_IDENTIFIER = "cup.Tests-iOS";
				PRODUCT_NAME = "$(TARGET_NAME)";
				SDKROOT = iphoneos;
				SWIFT_EMIT_LOC_STRINGS = NO;
				SWIFT_VERSION = 5.0;
				TARGETED_DEVICE_FAMILY = "1,2";
				TEST_TARGET_NAME = "WeSplit(Paul_Hudosn) (iOS)";
				VALIDATE_PRODUCT = YES;
			};
			name = Release;
		};
		F89EC7062838B5C8004B598A /* Debug */ = {
			isa = XCBuildConfiguration;
			buildSettings = {
				ALWAYS_EMBED_SWIFT_STANDARD_LIBRARIES = YES;
				CODE_SIGN_STYLE = Automatic;
				CURRENT_PROJECT_VERSION = 1;
				DEVELOPMENT_TEAM = C48T274BQ3;
				GENERATE_INFOPLIST_FILE = YES;
				MACOSX_DEPLOYMENT_TARGET = 12.0;
				MARKETING_VERSION = 1.0;
				PRODUCT_BUNDLE_IDENTIFIER = "cup.Tests-macOS";
				PRODUCT_NAME = "$(TARGET_NAME)";
				SDKROOT = macosx;
				SWIFT_EMIT_LOC_STRINGS = NO;
				SWIFT_VERSION = 5.0;
				TEST_TARGET_NAME = "WeSplit(Paul_Hudosn) (macOS)";
			};
			name = Debug;
		};
		F89EC7072838B5C8004B598A /* Release */ = {
			isa = XCBuildConfiguration;
			buildSettings = {
				ALWAYS_EMBED_SWIFT_STANDARD_LIBRARIES = YES;
				CODE_SIGN_STYLE = Automatic;
				CURRENT_PROJECT_VERSION = 1;
				DEVELOPMENT_TEAM = C48T274BQ3;
				GENERATE_INFOPLIST_FILE = YES;
				MACOSX_DEPLOYMENT_TARGET = 12.0;
				MARKETING_VERSION = 1.0;
				PRODUCT_BUNDLE_IDENTIFIER = "cup.Tests-macOS";
				PRODUCT_NAME = "$(TARGET_NAME)";
				SDKROOT = macosx;
				SWIFT_EMIT_LOC_STRINGS = NO;
				SWIFT_VERSION = 5.0;
				TEST_TARGET_NAME = "WeSplit(Paul_Hudosn) (macOS)";
			};
			name = Release;
		};
/* End XCBuildConfiguration section */

/* Begin XCConfigurationList section */
		F89EC6CA2838B5C5004B598A /* Build configuration list for PBXProject "WeSplit(Paul_Hudosn)" */ = {
			isa = XCConfigurationList;
			buildConfigurations = (
				F89EC6FA2838B5C8004B598A /* Debug */,
				F89EC6FB2838B5C8004B598A /* Release */,
			);
			defaultConfigurationIsVisible = 0;
			defaultConfigurationName = Release;
		};
		F89EC6FC2838B5C8004B598A /* Build configuration list for PBXNativeTarget "WeSplit(Paul_Hudosn) (iOS)" */ = {
			isa = XCConfigurationList;
			buildConfigurations = (
				F89EC6FD2838B5C8004B598A /* Debug */,
				F89EC6FE2838B5C8004B598A /* Release */,
			);
			defaultConfigurationIsVisible = 0;
			defaultConfigurationName = Release;
		};
		F89EC6FF2838B5C8004B598A /* Build configuration list for PBXNativeTarget "WeSplit(Paul_Hudosn) (macOS)" */ = {
			isa = XCConfigurationList;
			buildConfigurations = (
				F89EC7002838B5C8004B598A /* Debug */,
				F89EC7012838B5C8004B598A /* Release */,
			);
			defaultConfigurationIsVisible = 0;
			defaultConfigurationName = Release;
		};
		F89EC7022838B5C8004B598A /* Build configuration list for PBXNativeTarget "Tests iOS" */ = {
			isa = XCConfigurationList;
			buildConfigurations = (
				F89EC7032838B5C8004B598A /* Debug */,
				F89EC7042838B5C8004B598A /* Release */,
			);
			defaultConfigurationIsVisible = 0;
			defaultConfigurationName = Release;
		};
		F89EC7052838B5C8004B598A /* Build configuration list for PBXNativeTarget "Tests macOS" */ = {
			isa = XCConfigurationList;
			buildConfigurations = (
				F89EC7062838B5C8004B598A /* Debug */,
				F89EC7072838B5C8004B598A /* Release */,
			);
			defaultConfigurationIsVisible = 0;
			defaultConfigurationName = Release;
		};
/* End XCConfigurationList section */
	};
	rootObject = F89EC6C72838B5C5004B598A /* Project object */;
}
